
Microsoft Visual Studio Solution File, Format Version 12.00
# Visual Studio 15
VisualStudioVersion = 15.0.27428.2027
MinimumVisualStudioVersion = 10.0.40219.1
Project("{A07B5EB6-E848-4116-A8D0-A826331D98C6}") = "Smilr", "Smilr\Smilr.sfproj", "{88278826-C1EC-49C7-BD77-9369E6428968}"
EndProject
Project("{9A19103F-16F7-4668-BE54-9A1E7A4F7556}") = "AngularHost", "AngularHost\AngularHost.csproj", "{37D97694-FC44-46C5-AA11-73BFE62590CC}"
EndProject
Project("{FAE04EC0-301F-11D3-BF4B-00C04F79EFBC}") = "EventStore", "EventStore\EventStore.csproj", "{0C3CE817-6522-46D9-BFD8-31A726EE036B}"
EndProject
Project("{FAE04EC0-301F-11D3-BF4B-00C04F79EFBC}") = "FeedbackStore", "FeedbackStore\FeedbackStore.csproj", "{DC902A18-B601-47A3-95B1-0E8A6BD111B1}"
EndProject
Project("{FAE04EC0-301F-11D3-BF4B-00C04F79EFBC}") = "DataGateway", "DataGateway\DataGateway.csproj", "{B921C173-AB21-4B33-A6DF-581F0870ECBA}"
EndProject
Global
	GlobalSection(SolutionConfigurationPlatforms) = preSolution
		Debug|Any CPU = Debug|Any CPU
		Debug|x64 = Debug|x64
		Release|Any CPU = Release|Any CPU
		Release|x64 = Release|x64
	EndGlobalSection
	GlobalSection(ProjectConfigurationPlatforms) = postSolution
		{88278826-C1EC-49C7-BD77-9369E6428968}.Debug|Any CPU.ActiveCfg = Debug|x64
		{88278826-C1EC-49C7-BD77-9369E6428968}.Debug|x64.ActiveCfg = Debug|x64
		{88278826-C1EC-49C7-BD77-9369E6428968}.Debug|x64.Build.0 = Debug|x64
		{88278826-C1EC-49C7-BD77-9369E6428968}.Debug|x64.Deploy.0 = Debug|x64
		{88278826-C1EC-49C7-BD77-9369E6428968}.Release|Any CPU.ActiveCfg = Release|x64
		{88278826-C1EC-49C7-BD77-9369E6428968}.Release|x64.ActiveCfg = Release|x64
		{88278826-C1EC-49C7-BD77-9369E6428968}.Release|x64.Build.0 = Release|x64
		{88278826-C1EC-49C7-BD77-9369E6428968}.Release|x64.Deploy.0 = Release|x64
		{37D97694-FC44-46C5-AA11-73BFE62590CC}.Debug|Any CPU.ActiveCfg = Debug|Any CPU
		{37D97694-FC44-46C5-AA11-73BFE62590CC}.Debug|Any CPU.Build.0 = Debug|Any CPU
		{37D97694-FC44-46C5-AA11-73BFE62590CC}.Debug|x64.ActiveCfg = Debug|Any CPU
		{37D97694-FC44-46C5-AA11-73BFE62590CC}.Debug|x64.Build.0 = Debug|Any CPU
		{37D97694-FC44-46C5-AA11-73BFE62590CC}.Release|Any CPU.ActiveCfg = Release|Any CPU
		{37D97694-FC44-46C5-AA11-73BFE62590CC}.Release|Any CPU.Build.0 = Release|Any CPU
		{37D97694-FC44-46C5-AA11-73BFE62590CC}.Release|x64.ActiveCfg = Release|Any CPU
		{37D97694-FC44-46C5-AA11-73BFE62590CC}.Release|x64.Build.0 = Release|Any CPU
		{0C3CE817-6522-46D9-BFD8-31A726EE036B}.Debug|Any CPU.ActiveCfg = Debug|Any CPU
		{0C3CE817-6522-46D9-BFD8-31A726EE036B}.Debug|Any CPU.Build.0 = Debug|Any CPU
		{0C3CE817-6522-46D9-BFD8-31A726EE036B}.Debug|x64.ActiveCfg = Debug|Any CPU
		{0C3CE817-6522-46D9-BFD8-31A726EE036B}.Debug|x64.Build.0 = Debug|Any CPU
		{0C3CE817-6522-46D9-BFD8-31A726EE036B}.Release|Any CPU.ActiveCfg = Release|Any CPU
		{0C3CE817-6522-46D9-BFD8-31A726EE036B}.Release|Any CPU.Build.0 = Release|Any CPU
		{0C3CE817-6522-46D9-BFD8-31A726EE036B}.Release|x64.ActiveCfg = Release|Any CPU
		{0C3CE817-6522-46D9-BFD8-31A726EE036B}.Release|x64.Build.0 = Release|Any CPU
		{DC902A18-B601-47A3-95B1-0E8A6BD111B1}.Debug|Any CPU.ActiveCfg = Debug|Any CPU
		{DC902A18-B601-47A3-95B1-0E8A6BD111B1}.Debug|Any CPU.Build.0 = Debug|Any CPU
		{DC902A18-B601-47A3-95B1-0E8A6BD111B1}.Debug|x64.ActiveCfg = Debug|Any CPU
		{DC902A18-B601-47A3-95B1-0E8A6BD111B1}.Debug|x64.Build.0 = Debug|Any CPU
		{DC902A18-B601-47A3-95B1-0E8A6BD111B1}.Release|Any CPU.ActiveCfg = Release|Any CPU
		{DC902A18-B601-47A3-95B1-0E8A6BD111B1}.Release|Any CPU.Build.0 = Release|Any CPU
		{DC902A18-B601-47A3-95B1-0E8A6BD111B1}.Release|x64.ActiveCfg = Release|Any CPU
		{DC902A18-B601-47A3-95B1-0E8A6BD111B1}.Release|x64.Build.0 = Release|Any CPU
		{B921C173-AB21-4B33-A6DF-581F0870ECBA}.Debug|Any CPU.ActiveCfg = Debug|Any CPU
		{B921C173-AB21-4B33-A6DF-581F0870ECBA}.Debug|Any CPU.Build.0 = Debug|Any CPU
		{B921C173-AB21-4B33-A6DF-581F0870ECBA}.Debug|x64.ActiveCfg = Debug|Any CPU
		{B921C173-AB21-4B33-A6DF-581F0870ECBA}.Debug|x64.Build.0 = Debug|Any CPU
		{B921C173-AB21-4B33-A6DF-581F0870ECBA}.Release|Any CPU.ActiveCfg = Release|Any CPU
		{B921C173-AB21-4B33-A6DF-581F0870ECBA}.Release|Any CPU.Build.0 = Release|Any CPU
		{B921C173-AB21-4B33-A6DF-581F0870ECBA}.Release|x64.ActiveCfg = Release|Any CPU
		{B921C173-AB21-4B33-A6DF-581F0870ECBA}.Release|x64.Build.0 = Release|Any CPU
	EndGlobalSection
	GlobalSection(SolutionProperties) = preSolution
		HideSolutionNode = FALSE
	EndGlobalSection
	GlobalSection(ExtensibilityGlobals) = postSolution
		SolutionGuid = {7582CAF1-33D5-484A-A4AB-2BB9A9A8BCD9}
	EndGlobalSection
EndGlobal
