{
  "name": "genOTP",
  "version": "1.0.0",
  "lockfileVersion": 1,
  "requires": true,
  "dependencies": {
    "jsotp": {
      "version": "1.0.2",
      "resolved": "https://registry.npmjs.org/jsotp/-/jsotp-1.0.2.tgz",
      "integrity": "sha1-EnfLXvstfuyc2tYygVZrr/WhsS8=",
      "requires": {
        "jssha": "2.3.1"
      }
    },
    "jssha": {
      "version": "2.3.1",
      "resolved": "https://registry.npmjs.org/jssha/-/jssha-2.3.1.tgz",
      "integrity": "sha1-FHshJTaQNcpLL30hDcU58Amz3po="
    }
  }
}
